DEPENDENCIES
  apt
  build
    path: ../build
  golang (~> 1.4.0)
  omnibus
  s3
    path: ../Chef/cookbooks/s3
  yum (< 3.0.0)

GRAPH
  7-zip (1.0.2)
    windows (>= 1.2.2)
  apt (2.7.0)
  build (0.1.1)
    apt (>= 0.0.0)
    rbenv (>= 0.0.0)
  build-essential (2.2.3)
  chef-sugar (3.1.1)
  chef_handler (1.2.0)
  dmg (2.2.2)
  git (2.8.4)
    build-essential (>= 0.0.0)
    dmg (>= 0.0.0)
    runit (>= 1.0.0)
    windows (>= 0.0.0)
    yum (< 3.0.0)
  golang (1.4.0)
  homebrew (1.13.0)
    build-essential (>= 2.1.2)
  ohai (2.0.1)
  omnibus (2.6.9)
    7-zip (~> 1.0)
    build-essential (~> 2.0)
    chef-sugar (~> 3.0)
    homebrew (~> 1.9)
    windows (~> 1.30)
    windows-sdk (~> 1.0)
    wix (~> 1.1)
  packagecloud (0.0.19)
  rbenv (1.7.1)
    apt (>= 0.0.0)
    build-essential (>= 0.0.0)
    git (>= 0.0.0)
    ohai (>= 1.1)
  runit (1.7.2)
    packagecloud (>= 0.0.0)
  s3 (0.2.3)
  windows (1.38.1)
    chef_handler (>= 0.0.0)
  windows-sdk (1.0.2)
  wix (1.1.0)
    windows (>= 1.2.2)
  yum (2.4.4)
